{
  "name": "auction-split",
  "version": "1.0.0",
  "lockfileVersion": 2,
  "requires": true,
  "packages": {
    "": {
      "name": "auction-split",
      "version": "1.0.0",
      "dependencies": {
        "dotenv": "^16.6.1",
        "lucide": "1.25.0",
        "postgres": "^3.4.7",
        "serverless-http": "^3.2.0"
      }
    },
    "node_modules/dotenv": {
      "version": "16.6.1",
      "resolved": "https://registry.npmjs.org/dotenv/-/dotenv-16.6.1.tgz",
      "integrity": "sha512-uBq4egWHTcTt33a72vpSG0z3HnPuIl6NqYcTrKEg2azoEyl2hpW0zqlxysq2pK9HlDIHyHyakeYaYnSAwd8bow==",
      "engines": {
        "node": ">=12"
      },
      "funding": {
        "url": "https://dotenvx.com"
      }
    },
    "node_modules/lucide": {
      "version": "1.25.0",
      "resolved": "https://registry.npmjs.org/lucide/-/lucide-1.25.0.tgz",
      "integrity": "sha512-Pg/9Ga1xTbrnI6GY/7J9krIYmJIkAf3PkK6wPmsAeUtAQsBdGxs1+dfvLqjf9nPI5aFm9+VquT75JGpO3QXSpQ=="
    },
    "node_modules/postgres": {
      "version": "3.4.7",
      "resolved": "https://registry.npmjs.org/postgres/-/postgres-3.4.7.tgz",
      "integrity": "sha512-Jtc2612XINuBjIl/QTWsV5UvE8UHuNblcO3vVADSrKsrc6RqGX6lOW1cEo3CM2v0XG4Nat8nI+YM7/f26VxXLw==",
      "engines": {
        "node": ">=12"
      },
      "funding": {
        "type": "individual",
        "url": "https://github.com/sponsors/porsager"
      }
    },
    "node_modules/serverless-http": {
      "version": "3.2.0",
      "resolved": "https://registry.npmjs.org/serverless-http/-/serverless-http-3.2.0.tgz",
      "integrity": "sha512-QvSyZXljRLIGqwcJ4xsKJXwkZnAVkse1OajepxfjkBXV0BMvRS5R546Z4kCBI8IygDzkQY0foNPC/rnipaE9pQ==",
      "engines": {
        "node": ">=12.0"
      }
    }
  },
  "dependencies": {
    "dotenv": {
      "version": "16.6.1",
      "resolved": "https://registry.npmjs.org/dotenv/-/dotenv-16.6.1.tgz",
      "integrity": "sha512-uBq4egWHTcTt33a72vpSG0z3HnPuIl6NqYcTrKEg2azoEyl2hpW0zqlxysq2pK9HlDIHyHyakeYaYnSAwd8bow=="
    },
    "lucide": {
      "version": "1.25.0",
      "resolved": "https://registry.npmjs.org/lucide/-/lucide-1.25.0.tgz",
      "integrity": "sha512-Pg/9Ga1xTbrnI6GY/7J9krIYmJIkAf3PkK6wPmsAeUtAQsBdGxs1+dfvLqjf9nPI5aFm9+VquT75JGpO3QXSpQ=="
    },
    "postgres": {
      "version": "3.4.7",
      "resolved": "https://registry.npmjs.org/postgres/-/postgres-3.4.7.tgz",
      "integrity": "sha512-Jtc2612XINuBjIl/QTWsV5UvE8UHuNblcO3vVADSrKsrc6RqGX6lOW1cEo3CM2v0XG4Nat8nI+YM7/f26VxXLw=="
    },
    "serverless-http": {
      "version": "3.2.0",
      "resolved": "https://registry.npmjs.org/serverless-http/-/serverless-http-3.2.0.tgz",
      "integrity": "sha512-QvSyZXljRLIGqwcJ4xsKJXwkZnAVkse1OajepxfjkBXV0BMvRS5R546Z4kCBI8IygDzkQY0foNPC/rnipaE9pQ=="
    }
  }
}
