{
  "name": "auction-split",
  "version": "1.0.0",
  "lockfileVersion": 2,
  "requires": true,
  "packages": {
    "": {
      "name": "auction-split",
      "version": "1.0.0",
      "dependencies": {
        "lucide": "1.25.0"
      }
    },
    "node_modules/lucide": {
      "version": "1.25.0",
      "resolved": "https://registry.npmjs.org/lucide/-/lucide-1.25.0.tgz",
      "integrity": "sha512-Pg/9Ga1xTbrnI6GY/7J9krIYmJIkAf3PkK6wPmsAeUtAQsBdGxs1+dfvLqjf9nPI5aFm9+VquT75JGpO3QXSpQ=="
    }
  },
  "dependencies": {
    "lucide": {
      "version": "1.25.0",
      "resolved": "https://registry.npmjs.org/lucide/-/lucide-1.25.0.tgz",
      "integrity": "sha512-Pg/9Ga1xTbrnI6GY/7J9krIYmJIkAf3PkK6wPmsAeUtAQsBdGxs1+dfvLqjf9nPI5aFm9+VquT75JGpO3QXSpQ=="
    }
  }
}
